// !$*UTF8*$!
{
	archiveVersion = 1;
	classes = {
	};
	objectVersion = 77;
	objects = {

/* Begin PBXBuildFile section */
		047CFE62E23385403C157AD5 /* hpscanApp.swift in Sources */ = {isa = PBXBuildFile; fileRef = 94165D40F321616292614A8F /* hpscanApp.swift */; };
		171EF05643F486CE52CEB5C0 /* HPScanKit in Frameworks */ = {isa = PBXBuildFile; productRef = C149D9FAA3282FCE2BBCE886 /* HPScanKit */; };
		2F0B4B4F13C9B3C3B67F745A /* Assets.xcassets in Resources */ = {isa = PBXBuildFile; fileRef = B533A7D2DDE3176CF4621F8A /* Assets.xcassets */; };
		314C0BBAEEF99C2A3EA7B3EC /* Persistence.swift in Sources */ = {isa = PBXBuildFile; fileRef = 46D2900127575E1CEDF1AD77 /* Persistence.swift */; };
		3686E413C23A261882C686A2 /* PrivacyInfo.xcprivacy in Resources */ = {isa = PBXBuildFile; fileRef = 909A19117219F23DF899DAA0 /* PrivacyInfo.xcprivacy */; };
		3F00FA066416497F4034D3BF /* PrintersView.swift in Sources */ = {isa = PBXBuildFile; fileRef = 958A472A2B56AB2B01131B4E /* PrintersView.swift */; };
		4582B04E34538B00C62723AD /* RootView.swift in Sources */ = {isa = PBXBuildFile; fileRef = 33277E92E46099E69E7B3B3B /* RootView.swift */; };
		4640404A5FDF2BA46964E31D /* OutputLocation.swift in Sources */ = {isa = PBXBuildFile; fileRef = 4D9E08B51E133C13744A5821 /* OutputLocation.swift */; };
		6393D0E96D9D808B95322A46 /* AppModel.swift in Sources */ = {isa = PBXBuildFile; fileRef = 768419EFBF0D45764FE20CAE /* AppModel.swift */; };
		6F8EE41A5CD0A018B3F6CE78 /* PhotosSaver.swift in Sources */ = {isa = PBXBuildFile; fileRef = EB91BDBAF057569BCFFD64CB /* PhotosSaver.swift */; };
		753848CD975CC6B134C6C5CC /* BackgroundTaskGuard.swift in Sources */ = {isa = PBXBuildFile; fileRef = 9C159CD49351123C553330CD /* BackgroundTaskGuard.swift */; };
		9DD62B6925609203B5DB698C /* SettingsView.swift in Sources */ = {isa = PBXBuildFile; fileRef = 98452FE0B79DEFFFB428C1C9 /* SettingsView.swift */; };
		ADBAE1570BDEB32E744B5B51 /* OutputFolderPicker.swift in Sources */ = {isa = PBXBuildFile; fileRef = 84320BFD694E9EB7BEB5A106 /* OutputFolderPicker.swift */; };
		B7B864EF3D031EBD65904D5E /* LogView.swift in Sources */ = {isa = PBXBuildFile; fileRef = 2091E195F519D5E17700DB87 /* LogView.swift */; };
		C0089B3F268C1B8830F026C5 /* ListeningView.swift in Sources */ = {isa = PBXBuildFile; fileRef = 93A18175A812F8AC0A63979E /* ListeningView.swift */; };
		C9455D50781B252FD5F3A692 /* AddPrinterView.swift in Sources */ = {isa = PBXBuildFile; fileRef = 4D5C0D3CDF975D4AA08B89DC /* AddPrinterView.swift */; };
/* End PBXBuildFile section */

/* Begin PBXFileReference section */
		02FEE60702720D8F23699C9F /* hpscan.app */ = {isa = PBXFileReference; explicitFileType = wrapper.application; includeInIndex = 0; path = hpscan.app; sourceTree = BUILT_PRODUCTS_DIR; };
		2091E195F519D5E17700DB87 /* LogView.swift */ = {isa = PBXFileReference; lastKnownFileType = sourcecode.swift; path = LogView.swift; sourceTree = "<group>"; };
		2A89E0100D2AA684B15BB760 /* HPScanKit */ = {isa = PBXFileReference; lastKnownFileType = folder; name = HPScanKit; path = Packages/HPScanKit; sourceTree = SOURCE_ROOT; };
		33277E92E46099E69E7B3B3B /* RootView.swift */ = {isa = PBXFileReference; lastKnownFileType = sourcecode.swift; path = RootView.swift; sourceTree = "<group>"; };
		46D2900127575E1CEDF1AD77 /* Persistence.swift */ = {isa = PBXFileReference; lastKnownFileType = sourcecode.swift; path = Persistence.swift; sourceTree = "<group>"; };
		4D5C0D3CDF975D4AA08B89DC /* AddPrinterView.swift */ = {isa = PBXFileReference; lastKnownFileType = sourcecode.swift; path = AddPrinterView.swift; sourceTree = "<group>"; };
		4D9E08B51E133C13744A5821 /* OutputLocation.swift */ = {isa = PBXFileReference; lastKnownFileType = sourcecode.swift; path = OutputLocation.swift; sourceTree = "<group>"; };
		768419EFBF0D45764FE20CAE /* AppModel.swift */ = {isa = PBXFileReference; lastKnownFileType = sourcecode.swift; path = AppModel.swift; sourceTree = "<group>"; };
		84320BFD694E9EB7BEB5A106 /* OutputFolderPicker.swift */ = {isa = PBXFileReference; lastKnownFileType = sourcecode.swift; path = OutputFolderPicker.swift; sourceTree = "<group>"; };
		909A19117219F23DF899DAA0 /* PrivacyInfo.xcprivacy */ = {isa = PBXFileReference; lastKnownFileType = text.xml; path = PrivacyInfo.xcprivacy; sourceTree = "<group>"; };
		93A18175A812F8AC0A63979E /* ListeningView.swift */ = {isa = PBXFileReference; lastKnownFileType = sourcecode.swift; path = ListeningView.swift; sourceTree = "<group>"; };
		94165D40F321616292614A8F /* hpscanApp.swift */ = {isa = PBXFileReference; lastKnownFileType = sourcecode.swift; path = hpscanApp.swift; sourceTree = "<group>"; };
		958A472A2B56AB2B01131B4E /* PrintersView.swift */ = {isa = PBXFileReference; lastKnownFileType = sourcecode.swift; path = PrintersView.swift; sourceTree = "<group>"; };
		98452FE0B79DEFFFB428C1C9 /* SettingsView.swift */ = {isa = PBXFileReference; lastKnownFileType = sourcecode.swift; path = SettingsView.swift; sourceTree = "<group>"; };
		9C159CD49351123C553330CD /* BackgroundTaskGuard.swift */ = {isa = PBXFileReference; lastKnownFileType = sourcecode.swift; path = BackgroundTaskGuard.swift; sourceTree = "<group>"; };
		B533A7D2DDE3176CF4621F8A /* Assets.xcassets */ = {isa = PBXFileReference; lastKnownFileType = folder.assetcatalog; path = Assets.xcassets; sourceTree = "<group>"; };
		EB91BDBAF057569BCFFD64CB /* PhotosSaver.swift */ = {isa = PBXFileReference; lastKnownFileType = sourcecode.swift; path = PhotosSaver.swift; sourceTree = "<group>"; };
		EBB754D6F21639AA11E26464 /* Info.plist */ = {isa = PBXFileReference; lastKnownFileType = text.plist; path = Info.plist; sourceTree = "<group>"; };
/* End PBXFileReference section */

/* Begin PBXFrameworksBuildPhase section */
		9354356C765F1215736A71D2 /* Frameworks */ = {
			isa = PBXFrameworksBuildPhase;
			buildActionMask = 2147483647;
			files = (
				171EF05643F486CE52CEB5C0 /* HPScanKit in Frameworks */,
			);
			runOnlyForDeploymentPostprocessing = 0;
		};
/* End PBXFrameworksBuildPhase section */

/* Begin PBXGroup section */
		4325F36C3C9FC7B79EFE353A /* Products */ = {
			isa = PBXGroup;
			children = (
				02FEE60702720D8F23699C9F /* hpscan.app */,
			);
			name = Products;
			sourceTree = "<group>";
		};
		5A0D9C5A380F35F180A9E1DD /* Packages */ = {
			isa = PBXGroup;
			children = (
				2A89E0100D2AA684B15BB760 /* HPScanKit */,
			);
			path = Packages;
			sourceTree = "<group>";
		};
		A11DCEA3697C740797F7E8EB /* hpscan */ = {
			isa = PBXGroup;
			children = (
				768419EFBF0D45764FE20CAE /* AppModel.swift */,
				B533A7D2DDE3176CF4621F8A /* Assets.xcassets */,
				9C159CD49351123C553330CD /* BackgroundTaskGuard.swift */,
				94165D40F321616292614A8F /* hpscanApp.swift */,
				EBB754D6F21639AA11E26464 /* Info.plist */,
				84320BFD694E9EB7BEB5A106 /* OutputFolderPicker.swift */,
				4D9E08B51E133C13744A5821 /* OutputLocation.swift */,
				46D2900127575E1CEDF1AD77 /* Persistence.swift */,
				EB91BDBAF057569BCFFD64CB /* PhotosSaver.swift */,
				909A19117219F23DF899DAA0 /* PrivacyInfo.xcprivacy */,
				DAC76FC01D07FBC3F7A7EF2D /* Views */,
			);
			path = hpscan;
			sourceTree = "<group>";
		};
		B6EB212DF4FFD268480084E6 = {
			isa = PBXGroup;
			children = (
				A11DCEA3697C740797F7E8EB /* hpscan */,
				5A0D9C5A380F35F180A9E1DD /* Packages */,
				4325F36C3C9FC7B79EFE353A /* Products */,
			);
			sourceTree = "<group>";
		};
		DAC76FC01D07FBC3F7A7EF2D /* Views */ = {
			isa = PBXGroup;
			children = (
				4D5C0D3CDF975D4AA08B89DC /* AddPrinterView.swift */,
				93A18175A812F8AC0A63979E /* ListeningView.swift */,
				2091E195F519D5E17700DB87 /* LogView.swift */,
				958A472A2B56AB2B01131B4E /* PrintersView.swift */,
				33277E92E46099E69E7B3B3B /* RootView.swift */,
				98452FE0B79DEFFFB428C1C9 /* SettingsView.swift */,
			);
			path = Views;
			sourceTree = "<group>";
		};
/* End PBXGroup section */

/* Begin PBXNativeTarget section */
		58B3C2B6F8B802756DA42596 /* hpscan */ = {
			isa = PBXNativeTarget;
			buildConfigurationList = D8D919C09254240BB3E975D2 /* Build configuration list for PBXNativeTarget "hpscan" */;
			buildPhases = (
				8CB6EA362C15DAA7E07C0D78 /* Sources */,
				7363EBB7377C1D0394154EA5 /* Resources */,
				9354356C765F1215736A71D2 /* Frameworks */,
			);
			buildRules = (
			);
			dependencies = (
			);
			name = hpscan;
			packageProductDependencies = (
				C149D9FAA3282FCE2BBCE886 /* HPScanKit */,
			);
			productName = hpscan;
			productReference = 02FEE60702720D8F23699C9F /* hpscan.app */;
			productType = "com.apple.product-type.application";
		};
/* End PBXNativeTarget section */

/* Begin PBXProject section */
		BB59FB5CF425550108649567 /* Project object */ = {
			isa = PBXProject;
			attributes = {
				BuildIndependentTargetsInParallel = YES;
				LastUpgradeCheck = 1600;
				TargetAttributes = {
					58B3C2B6F8B802756DA42596 = {
						ProvisioningStyle = Automatic;
					};
				};
			};
			buildConfigurationList = 739819B3302237AB9871AC1D /* Build configuration list for PBXProject "hpscan" */;
			developmentRegion = en;
			hasScannedForEncodings = 0;
			knownRegions = (
				Base,
				en,
			);
			mainGroup = B6EB212DF4FFD268480084E6;
			minimizedProjectReferenceProxies = 1;
			packageReferences = (
				A4CF01297E361A06FB8FD1AB /* XCLocalSwiftPackageReference "Packages/HPScanKit" */,
			);
			preferredProjectObjectVersion = 77;
			productRefGroup = 4325F36C3C9FC7B79EFE353A /* Products */;
			projectDirPath = "";
			projectRoot = "";
			targets = (
				58B3C2B6F8B802756DA42596 /* hpscan */,
			);
		};
/* End PBXProject section */

/* Begin PBXResourcesBuildPhase section */
		7363EBB7377C1D0394154EA5 /* Resources */ = {
			isa = PBXResourcesBuildPhase;
			buildActionMask = 2147483647;
			files = (
				2F0B4B4F13C9B3C3B67F745A /* Assets.xcassets in Resources */,
				3686E413C23A261882C686A2 /* PrivacyInfo.xcprivacy in Resources */,
			);
			runOnlyForDeploymentPostprocessing = 0;
		};
/* End PBXResourcesBuildPhase section */

/* Begin PBXSourcesBuildPhase section */
		8CB6EA362C15DAA7E07C0D78 /* Sources */ = {
			isa = PBXSourcesBuildPhase;
			buildActionMask = 2147483647;
			files = (
				C9455D50781B252FD5F3A692 /* AddPrinterView.swift in Sources */,
				6393D0E96D9D808B95322A46 /* AppModel.swift in Sources */,
				753848CD975CC6B134C6C5CC /* BackgroundTaskGuard.swift in Sources */,
				C0089B3F268C1B8830F026C5 /* ListeningView.swift in Sources */,
				B7B864EF3D031EBD65904D5E /* LogView.swift in Sources */,
				ADBAE1570BDEB32E744B5B51 /* OutputFolderPicker.swift in Sources */,
				4640404A5FDF2BA46964E31D /* OutputLocation.swift in Sources */,
				314C0BBAEEF99C2A3EA7B3EC /* Persistence.swift in Sources */,
				6F8EE41A5CD0A018B3F6CE78 /* PhotosSaver.swift in Sources */,
				3F00FA066416497F4034D3BF /* PrintersView.swift in Sources */,
				4582B04E34538B00C62723AD /* RootView.swift in Sources */,
				9DD62B6925609203B5DB698C /* SettingsView.swift in Sources */,
				047CFE62E23385403C157AD5 /* hpscanApp.swift in Sources */,
			);
			runOnlyForDeploymentPostprocessing = 0;
		};
/* End PBXSourcesBuildPhase section */

/* Begin XCBuildConfiguration section */
		505EB1C6C07C63B21D114A01 /* Debug */ = {
			isa = XCBuildConfiguration;
			buildSettings = {
				ASSETCATALOG_COMPILER_APPICON_NAME = AppIcon;
				ASSETCATALOG_COMPILER_GLOBAL_ACCENT_COLOR_NAME = AccentColor;
				CODE_SIGN_IDENTITY = "iPhone Developer";
				CURRENT_PROJECT_VERSION = 1;
				DEVELOPMENT_TEAM = 2E9B65SZ35;
				GENERATE_INFOPLIST_FILE = NO;
				INFOPLIST_FILE = hpscan/Info.plist;
				INFOPLIST_KEY_LSApplicationCategoryType = "public.app-category.utilities";
				LD_RUNPATH_SEARCH_PATHS = (
					"$(inherited)",
					"@executable_path/Frameworks",
				);
				MARKETING_VERSION = 1.0.0;
				PRODUCT_BUNDLE_IDENTIFIER = com.sinimed.hpscan;
				PRODUCT_NAME = hpscan;
				SDKROOT = iphoneos;
				SUPPORTS_MACCATALYST = NO;
				TARGETED_DEVICE_FAMILY = "1,2";
			};
			name = Debug;
		};
		B8E973F76AE6DBB72ADC62DB /* Debug */ = {
			isa = XCBuildConfiguration;
			buildSettings = {
				ALWAYS_SEARCH_USER_PATHS = NO;
				CLANG_ANALYZER_NONNULL = YES;
				CLANG_ANALYZER_NUMBER_OBJECT_CONVERSION = YES_AGGRESSIVE;
				CLANG_CXX_LANGUAGE_STANDARD = "gnu++14";
				CLANG_CXX_LIBRARY = "libc++";
				CLANG_ENABLE_MODULES = YES;
				CLANG_ENABLE_OBJC_ARC = YES;
				CLANG_ENABLE_OBJC_WEAK = YES;
				CLANG_WARN_BLOCK_CAPTURE_AUTORELEASING = YES;
				CLANG_WARN_BOOL_CONVERSION = YES;
				CLANG_WARN_COMMA = YES;
				CLANG_WARN_CONSTANT_CONVERSION = YES;
				CLANG_WARN_DEPRECATED_OBJC_IMPLEMENTATIONS = YES;
				CLANG_WARN_DIRECT_OBJC_ISA_USAGE = YES_ERROR;
				CLANG_WARN_DOCUMENTATION_COMMENTS = YES;
				CLANG_WARN_EMPTY_BODY = YES;
				CLANG_WARN_ENUM_CONVERSION = YES;
				CLANG_WARN_INFINITE_RECURSION = YES;
				CLANG_WARN_INT_CONVERSION = YES;
				CLANG_WARN_NON_LITERAL_NULL_CONVERSION = YES;
				CLANG_WARN_OBJC_IMPLICIT_RETAIN_SELF = YES;
				CLANG_WARN_OBJC_LITERAL_CONVERSION = YES;
				CLANG_WARN_OBJC_ROOT_CLASS = YES_ERROR;
				CLANG_WARN_QUOTED_INCLUDE_IN_FRAMEWORK_HEADER = YES;
				CLANG_WARN_RANGE_LOOP_ANALYSIS = YES;
				CLANG_WARN_STRICT_PROTOTYPES = YES;
				CLANG_WARN_SUSPICIOUS_MOVE = YES;
				CLANG_WARN_UNGUARDED_AVAILABILITY = YES_AGGRESSIVE;
				CLANG_WARN_UNREACHABLE_CODE = YES;
				CLANG_WARN__DUPLICATE_METHOD_MATCH = YES;
				CODE_SIGN_STYLE = Automatic;
				COPY_PHASE_STRIP = NO;
				DEBUG_INFORMATION_FORMAT = dwarf;
				DEVELOPMENT_TEAM = "";
				ENABLE_STRICT_OBJC_MSGSEND = YES;
				ENABLE_TESTABILITY = YES;
				ENABLE_USER_SCRIPT_SANDBOXING = YES;
				GCC_C_LANGUAGE_STANDARD = gnu11;
				GCC_DYNAMIC_NO_PIC = NO;
				GCC_NO_COMMON_BLOCKS = YES;
				GCC_OPTIMIZATION_LEVEL = 0;
				GCC_PREPROCESSOR_DEFINITIONS = (
					"$(inherited)",
					"DEBUG=1",
				);
				GCC_WARN_64_TO_32_BIT_CONVERSION = YES;
				GCC_WARN_ABOUT_RETURN_TYPE = YES_ERROR;
				GCC_WARN_UNDECLARED_SELECTOR = YES;
				GCC_WARN_UNINITIALIZED_AUTOS = YES_AGGRESSIVE;
				GCC_WARN_UNUSED_FUNCTION = YES;
				GCC_WARN_UNUSED_VARIABLE = YES;
				IPHONEOS_DEPLOYMENT_TARGET = 17.0;
				MTL_ENABLE_DEBUG_INFO = INCLUDE_SOURCE;
				MTL_FAST_MATH = YES;
				ONLY_ACTIVE_ARCH = YES;
				PRODUCT_NAME = "$(TARGET_NAME)";
				SDKROOT = iphoneos;
				SWIFT_ACTIVE_COMPILATION_CONDITIONS = DEBUG;
				SWIFT_OPTIMIZATION_LEVEL = "-Onone";
				SWIFT_STRICT_CONCURRENCY = complete;
				SWIFT_VERSION = 6.0;
			};
			name = Debug;
		};
		B94A624235D54A9F090D25EA /* Release */ = {
			isa = XCBuildConfiguration;
			buildSettings = {
				ASSETCATALOG_COMPILER_APPICON_NAME = AppIcon;
				ASSETCATALOG_COMPILER_GLOBAL_ACCENT_COLOR_NAME = AccentColor;
				CODE_SIGN_IDENTITY = "iPhone Developer";
				CURRENT_PROJECT_VERSION = 1;
				DEVELOPMENT_TEAM = 2E9B65SZ35;
				GENERATE_INFOPLIST_FILE = NO;
				INFOPLIST_FILE = hpscan/Info.plist;
				INFOPLIST_KEY_LSApplicationCategoryType = "public.app-category.utilities";
				LD_RUNPATH_SEARCH_PATHS = (
					"$(inherited)",
					"@executable_path/Frameworks",
				);
				MARKETING_VERSION = 1.0.0;
				PRODUCT_BUNDLE_IDENTIFIER = com.sinimed.hpscan;
				PRODUCT_NAME = hpscan;
				SDKROOT = iphoneos;
				SUPPORTS_MACCATALYST = NO;
				TARGETED_DEVICE_FAMILY = "1,2";
			};
			name = Release;
		};
		FB904576002E7C8CB8A993AF /* Release */ = {
			isa = XCBuildConfiguration;
			buildSettings = {
				ALWAYS_SEARCH_USER_PATHS = NO;
				CLANG_ANALYZER_NONNULL = YES;
				CLANG_ANALYZER_NUMBER_OBJECT_CONVERSION = YES_AGGRESSIVE;
				CLANG_CXX_LANGUAGE_STANDARD = "gnu++14";
				CLANG_CXX_LIBRARY = "libc++";
				CLANG_ENABLE_MODULES = YES;
				CLANG_ENABLE_OBJC_ARC = YES;
				CLANG_ENABLE_OBJC_WEAK = YES;
				CLANG_WARN_BLOCK_CAPTURE_AUTORELEASING = YES;
				CLANG_WARN_BOOL_CONVERSION = YES;
				CLANG_WARN_COMMA = YES;
				CLANG_WARN_CONSTANT_CONVERSION = YES;
				CLANG_WARN_DEPRECATED_OBJC_IMPLEMENTATIONS = YES;
				CLANG_WARN_DIRECT_OBJC_ISA_USAGE = YES_ERROR;
				CLANG_WARN_DOCUMENTATION_COMMENTS = YES;
				CLANG_WARN_EMPTY_BODY = YES;
				CLANG_WARN_ENUM_CONVERSION = YES;
				CLANG_WARN_INFINITE_RECURSION = YES;
				CLANG_WARN_INT_CONVERSION = YES;
				CLANG_WARN_NON_LITERAL_NULL_CONVERSION = YES;
				CLANG_WARN_OBJC_IMPLICIT_RETAIN_SELF = YES;
				CLANG_WARN_OBJC_LITERAL_CONVERSION = YES;
				CLANG_WARN_OBJC_ROOT_CLASS = YES_ERROR;
				CLANG_WARN_QUOTED_INCLUDE_IN_FRAMEWORK_HEADER = YES;
				CLANG_WARN_RANGE_LOOP_ANALYSIS = YES;
				CLANG_WARN_STRICT_PROTOTYPES = YES;
				CLANG_WARN_SUSPICIOUS_MOVE = YES;
				CLANG_WARN_UNGUARDED_AVAILABILITY = YES_AGGRESSIVE;
				CLANG_WARN_UNREACHABLE_CODE = YES;
				CLANG_WARN__DUPLICATE_METHOD_MATCH = YES;
				CODE_SIGN_STYLE = Automatic;
				COPY_PHASE_STRIP = NO;
				DEBUG_INFORMATION_FORMAT = "dwarf-with-dsym";
				DEVELOPMENT_TEAM = "";
				ENABLE_NS_ASSERTIONS = NO;
				ENABLE_STRICT_OBJC_MSGSEND = YES;
				ENABLE_USER_SCRIPT_SANDBOXING = YES;
				GCC_C_LANGUAGE_STANDARD = gnu11;
				GCC_NO_COMMON_BLOCKS = YES;
				GCC_WARN_64_TO_32_BIT_CONVERSION = YES;
				GCC_WARN_ABOUT_RETURN_TYPE = YES_ERROR;
				GCC_WARN_UNDECLARED_SELECTOR = YES;
				GCC_WARN_UNINITIALIZED_AUTOS = YES_AGGRESSIVE;
				GCC_WARN_UNUSED_FUNCTION = YES;
				GCC_WARN_UNUSED_VARIABLE = YES;
				IPHONEOS_DEPLOYMENT_TARGET = 17.0;
				MTL_ENABLE_DEBUG_INFO = NO;
				MTL_FAST_MATH = YES;
				PRODUCT_NAME = "$(TARGET_NAME)";
				SDKROOT = iphoneos;
				SWIFT_COMPILATION_MODE = wholemodule;
				SWIFT_OPTIMIZATION_LEVEL = "-O";
				SWIFT_STRICT_CONCURRENCY = complete;
				SWIFT_VERSION = 6.0;
			};
			name = Release;
		};
/* End XCBuildConfiguration section */

/* Begin XCConfigurationList section */
		739819B3302237AB9871AC1D /* Build configuration list for PBXProject "hpscan" */ = {
			isa = XCConfigurationList;
			buildConfigurations = (
				B8E973F76AE6DBB72ADC62DB /* Debug */,
				FB904576002E7C8CB8A993AF /* Release */,
			);
			defaultConfigurationIsVisible = 0;
			defaultConfigurationName = Debug;
		};
		D8D919C09254240BB3E975D2 /* Build configuration list for PBXNativeTarget "hpscan" */ = {
			isa = XCConfigurationList;
			buildConfigurations = (
				505EB1C6C07C63B21D114A01 /* Debug */,
				B94A624235D54A9F090D25EA /* Release */,
			);
			defaultConfigurationIsVisible = 0;
			defaultConfigurationName = Debug;
		};
/* End XCConfigurationList section */

/* Begin XCLocalSwiftPackageReference section */
		A4CF01297E361A06FB8FD1AB /* XCLocalSwiftPackageReference "Packages/HPScanKit" */ = {
			isa = XCLocalSwiftPackageReference;
			relativePath = Packages/HPScanKit;
		};
/* End XCLocalSwiftPackageReference section */

/* Begin XCSwiftPackageProductDependency section */
		C149D9FAA3282FCE2BBCE886 /* HPScanKit */ = {
			isa = XCSwiftPackageProductDependency;
			productName = HPScanKit;
		};
/* End XCSwiftPackageProductDependency section */
	};
	rootObject = BB59FB5CF425550108649567 /* Project object */;
}
